
Microsoft Visual Studio Solution File, Format Version 12.00
# Visual Studio Version 16
VisualStudioVersion = 16.0.31112.23
MinimumVisualStudioVersion = 10.0.40219.1
Project("{8BC9CEB8-8B4A-11D0-8D11-00A0C91BC942}") = "coding-test-section-6-cpp-", "coding-test-section-6-cpp-\coding-test-section-6-cpp-.vcxproj", "{F7ADED84-EE17-47D8-86AF-B9940ED93B27}"
EndProject
Project("{8BC9CEB8-8B4A-11D0-8D11-00A0C91BC942}") = "부분집합 구하기(DFS)", "부분집합 구하기(DFS)\부분집합 구하기(DFS).vcxproj", "{18306740-2B98-4BC4-BFC1-00D832062F7D}"
EndProject
Project("{8BC9CEB8-8B4A-11D0-8D11-00A0C91BC942}") = "합이 같은 부분집합(DFS)", "합이 같은 부분집합(DFS)\합이 같은 부분집합(DFS).vcxproj", "{15984704-F7B4-4DFB-A05C-605C2753D3B4}"
EndProject
Project("{8BC9CEB8-8B4A-11D0-8D11-00A0C91BC942}") = "바둑이 승차(DFS)", "바둑이 승차(DFS)\바둑이 승차(DFS).vcxproj", "{EB668B3E-844B-47B4-97FA-A11AA5F61DBF}"
EndProject
Project("{8BC9CEB8-8B4A-11D0-8D11-00A0C91BC942}") = "중복순열 구하기", "중복순열 구하기\중복순열 구하기.vcxproj", "{F5D5E989-5D74-4C68-B53A-EDC380E3AA68}"
EndProject
Project("{8BC9CEB8-8B4A-11D0-8D11-00A0C91BC942}") = "동전교환", "동전교환\동전교환.vcxproj", "{B3456B2C-E6E0-4BC3-8A3C-B32023C3B6C4}"
EndProject
Project("{8BC9CEB8-8B4A-11D0-8D11-00A0C91BC942}") = "순열 구하기", "순열 구하기\순열 구하기.vcxproj", "{06C47B3E-2495-4B1D-B077-7C53711E71E6}"
EndProject
Project("{8BC9CEB8-8B4A-11D0-8D11-00A0C91BC942}") = "수열 추측하기", "수열 추측하기\수열 추측하기.vcxproj", "{F9B57ACA-C446-454F-B3B1-1B454152DD10}"
EndProject
Project("{8BC9CEB8-8B4A-11D0-8D11-00A0C91BC942}") = "조합 구하기", "조합 구하기\조합 구하기.vcxproj", "{5CEC802C-E321-404A-AFD6-B704111D6E74}"
EndProject
Global
	GlobalSection(SolutionConfigurationPlatforms) = preSolution
		Debug|x64 = Debug|x64
		Debug|x86 = Debug|x86
		Release|x64 = Release|x64
		Release|x86 = Release|x86
	EndGlobalSection
	GlobalSection(ProjectConfigurationPlatforms) = postSolution
		{F7ADED84-EE17-47D8-86AF-B9940ED93B27}.Debug|x64.ActiveCfg = Debug|x64
		{F7ADED84-EE17-47D8-86AF-B9940ED93B27}.Debug|x64.Build.0 = Debug|x64
		{F7ADED84-EE17-47D8-86AF-B9940ED93B27}.Debug|x86.ActiveCfg = Debug|Win32
		{F7ADED84-EE17-47D8-86AF-B9940ED93B27}.Debug|x86.Build.0 = Debug|Win32
		{F7ADED84-EE17-47D8-86AF-B9940ED93B27}.Release|x64.ActiveCfg = Release|x64
		{F7ADED84-EE17-47D8-86AF-B9940ED93B27}.Release|x64.Build.0 = Release|x64
		{F7ADED84-EE17-47D8-86AF-B9940ED93B27}.Release|x86.ActiveCfg = Release|Win32
		{F7ADED84-EE17-47D8-86AF-B9940ED93B27}.Release|x86.Build.0 = Release|Win32
		{18306740-2B98-4BC4-BFC1-00D832062F7D}.Debug|x64.ActiveCfg = Debug|x64
		{18306740-2B98-4BC4-BFC1-00D832062F7D}.Debug|x64.Build.0 = Debug|x64
		{18306740-2B98-4BC4-BFC1-00D832062F7D}.Debug|x86.ActiveCfg = Debug|Win32
		{18306740-2B98-4BC4-BFC1-00D832062F7D}.Debug|x86.Build.0 = Debug|Win32
		{18306740-2B98-4BC4-BFC1-00D832062F7D}.Release|x64.ActiveCfg = Release|x64
		{18306740-2B98-4BC4-BFC1-00D832062F7D}.Release|x64.Build.0 = Release|x64
		{18306740-2B98-4BC4-BFC1-00D832062F7D}.Release|x86.ActiveCfg = Release|Win32
		{18306740-2B98-4BC4-BFC1-00D832062F7D}.Release|x86.Build.0 = Release|Win32
		{15984704-F7B4-4DFB-A05C-605C2753D3B4}.Debug|x64.ActiveCfg = Debug|x64
		{15984704-F7B4-4DFB-A05C-605C2753D3B4}.Debug|x64.Build.0 = Debug|x64
		{15984704-F7B4-4DFB-A05C-605C2753D3B4}.Debug|x86.ActiveCfg = Debug|Win32
		{15984704-F7B4-4DFB-A05C-605C2753D3B4}.Debug|x86.Build.0 = Debug|Win32
		{15984704-F7B4-4DFB-A05C-605C2753D3B4}.Release|x64.ActiveCfg = Release|x64
		{15984704-F7B4-4DFB-A05C-605C2753D3B4}.Release|x64.Build.0 = Release|x64
		{15984704-F7B4-4DFB-A05C-605C2753D3B4}.Release|x86.ActiveCfg = Release|Win32
		{15984704-F7B4-4DFB-A05C-605C2753D3B4}.Release|x86.Build.0 = Release|Win32
		{EB668B3E-844B-47B4-97FA-A11AA5F61DBF}.Debug|x64.ActiveCfg = Debug|x64
		{EB668B3E-844B-47B4-97FA-A11AA5F61DBF}.Debug|x64.Build.0 = Debug|x64
		{EB668B3E-844B-47B4-97FA-A11AA5F61DBF}.Debug|x86.ActiveCfg = Debug|Win32
		{EB668B3E-844B-47B4-97FA-A11AA5F61DBF}.Debug|x86.Build.0 = Debug|Win32
		{EB668B3E-844B-47B4-97FA-A11AA5F61DBF}.Release|x64.ActiveCfg = Release|x64
		{EB668B3E-844B-47B4-97FA-A11AA5F61DBF}.Release|x64.Build.0 = Release|x64
		{EB668B3E-844B-47B4-97FA-A11AA5F61DBF}.Release|x86.ActiveCfg = Release|Win32
		{EB668B3E-844B-47B4-97FA-A11AA5F61DBF}.Release|x86.Build.0 = Release|Win32
		{F5D5E989-5D74-4C68-B53A-EDC380E3AA68}.Debug|x64.ActiveCfg = Debug|x64
		{F5D5E989-5D74-4C68-B53A-EDC380E3AA68}.Debug|x64.Build.0 = Debug|x64
		{F5D5E989-5D74-4C68-B53A-EDC380E3AA68}.Debug|x86.ActiveCfg = Debug|Win32
		{F5D5E989-5D74-4C68-B53A-EDC380E3AA68}.Debug|x86.Build.0 = Debug|Win32
		{F5D5E989-5D74-4C68-B53A-EDC380E3AA68}.Release|x64.ActiveCfg = Release|x64
		{F5D5E989-5D74-4C68-B53A-EDC380E3AA68}.Release|x64.Build.0 = Release|x64
		{F5D5E989-5D74-4C68-B53A-EDC380E3AA68}.Release|x86.ActiveCfg = Release|Win32
		{F5D5E989-5D74-4C68-B53A-EDC380E3AA68}.Release|x86.Build.0 = Release|Win32
		{B3456B2C-E6E0-4BC3-8A3C-B32023C3B6C4}.Debug|x64.ActiveCfg = Debug|x64
		{B3456B2C-E6E0-4BC3-8A3C-B32023C3B6C4}.Debug|x64.Build.0 = Debug|x64
		{B3456B2C-E6E0-4BC3-8A3C-B32023C3B6C4}.Debug|x86.ActiveCfg = Debug|Win32
		{B3456B2C-E6E0-4BC3-8A3C-B32023C3B6C4}.Debug|x86.Build.0 = Debug|Win32
		{B3456B2C-E6E0-4BC3-8A3C-B32023C3B6C4}.Release|x64.ActiveCfg = Release|x64
		{B3456B2C-E6E0-4BC3-8A3C-B32023C3B6C4}.Release|x64.Build.0 = Release|x64
		{B3456B2C-E6E0-4BC3-8A3C-B32023C3B6C4}.Release|x86.ActiveCfg = Release|Win32
		{B3456B2C-E6E0-4BC3-8A3C-B32023C3B6C4}.Release|x86.Build.0 = Release|Win32
		{06C47B3E-2495-4B1D-B077-7C53711E71E6}.Debug|x64.ActiveCfg = Debug|x64
		{06C47B3E-2495-4B1D-B077-7C53711E71E6}.Debug|x64.Build.0 = Debug|x64
		{06C47B3E-2495-4B1D-B077-7C53711E71E6}.Debug|x86.ActiveCfg = Debug|Win32
		{06C47B3E-2495-4B1D-B077-7C53711E71E6}.Debug|x86.Build.0 = Debug|Win32
		{06C47B3E-2495-4B1D-B077-7C53711E71E6}.Release|x64.ActiveCfg = Release|x64
		{06C47B3E-2495-4B1D-B077-7C53711E71E6}.Release|x64.Build.0 = Release|x64
		{06C47B3E-2495-4B1D-B077-7C53711E71E6}.Release|x86.ActiveCfg = Release|Win32
		{06C47B3E-2495-4B1D-B077-7C53711E71E6}.Release|x86.Build.0 = Release|Win32
		{F9B57ACA-C446-454F-B3B1-1B454152DD10}.Debug|x64.ActiveCfg = Debug|x64
		{F9B57ACA-C446-454F-B3B1-1B454152DD10}.Debug|x64.Build.0 = Debug|x64
		{F9B57ACA-C446-454F-B3B1-1B454152DD10}.Debug|x86.ActiveCfg = Debug|Win32
		{F9B57ACA-C446-454F-B3B1-1B454152DD10}.Debug|x86.Build.0 = Debug|Win32
		{F9B57ACA-C446-454F-B3B1-1B454152DD10}.Release|x64.ActiveCfg = Release|x64
		{F9B57ACA-C446-454F-B3B1-1B454152DD10}.Release|x64.Build.0 = Release|x64
		{F9B57ACA-C446-454F-B3B1-1B454152DD10}.Release|x86.ActiveCfg = Release|Win32
		{F9B57ACA-C446-454F-B3B1-1B454152DD10}.Release|x86.Build.0 = Release|Win32
		{5CEC802C-E321-404A-AFD6-B704111D6E74}.Debug|x64.ActiveCfg = Debug|x64
		{5CEC802C-E321-404A-AFD6-B704111D6E74}.Debug|x64.Build.0 = Debug|x64
		{5CEC802C-E321-404A-AFD6-B704111D6E74}.Debug|x86.ActiveCfg = Debug|Win32
		{5CEC802C-E321-404A-AFD6-B704111D6E74}.Debug|x86.Build.0 = Debug|Win32
		{5CEC802C-E321-404A-AFD6-B704111D6E74}.Release|x64.ActiveCfg = Release|x64
		{5CEC802C-E321-404A-AFD6-B704111D6E74}.Release|x64.Build.0 = Release|x64
		{5CEC802C-E321-404A-AFD6-B704111D6E74}.Release|x86.ActiveCfg = Release|Win32
		{5CEC802C-E321-404A-AFD6-B704111D6E74}.Release|x86.Build.0 = Release|Win32
	EndGlobalSection
	GlobalSection(SolutionProperties) = preSolution
		HideSolutionNode = FALSE
	EndGlobalSection
	GlobalSection(ExtensibilityGlobals) = postSolution
		SolutionGuid = {0CB7B3D2-F77A-403B-BF29-4F637B785007}
	EndGlobalSection
EndGlobal
